{
  "nodes": {
    "nixpkgs": {
      "locked": {
        "lastModified": 1765779637,
        "narHash": "sha256-KJ2wa/BLSrTqDjbfyNx70ov/HdgNBCBBSQP3BIzKnv4=",
        "owner": "nixos",
        "repo": "nixpkgs",
        "rev": "1306659b587dc277866c7b69eb97e5f07864d8c4",
        "type": "github"
      },
      "original": {
        "owner": "nixos",
        "ref": "nixos-unstable",
        "repo": "nixpkgs",
        "type": "github"
      }
    },
    "root": {
      "inputs": {
        "nixpkgs": "nixpkgs",
        "system-manager": "system-manager"
      }
    },
    "system-manager": {
      "inputs": {
        "nixpkgs": [
          "nixpkgs"
        ]
      },
      "locked": {
        "lastModified": 1765790096,
        "narHash": "sha256-OTxs1K5E/fb26BOSv2S1qkQOLaSdvGSLrdtiJkLnvoE=",
        "owner": "numtide",
        "repo": "system-manager",
        "rev": "4ae315814f7607140134f3d12cd85e2d60d4b3de",
        "type": "github"
      },
      "original": {
        "owner": "numtide",
        "repo": "system-manager",
        "type": "github"
      }
    }
  },
  "root": "root",
  "version": 7
}
